
Microsoft Visual Studio Solution File, Format Version 12.00
# Visual Studio Version 17
VisualStudioVersion = 17.4.33403.182
MinimumVisualStudioVersion = 10.0.40219.1
Project("{FAE04EC0-301F-11D3-BF4B-00C04F79EFBC}") = "BookRatingPlatform.API", "BookRatingPlatform.API\BookRatingPlatform.API.csproj", "{169B823A-3F79-479A-ABF5-DCEB256738F3}"
EndProject
Project("{FAE04EC0-301F-11D3-BF4B-00C04F79EFBC}") = "BookRatingPlatform.DAL", "BookRatingPlatform.DAL\BookRatingPlatform.DAL.csproj", "{6103180C-3086-4725-AB88-1296A6CCC2C1}"
EndProject
Project("{2150E333-8FDC-42A3-9474-1A3956D46DE8}") = "Solution Items", "Solution Items", "{16039856-2E05-49BE-839D-9D00E64051AA}"
	ProjectSection(SolutionItems) = preProject
		.editorconfig = .editorconfig
	EndProjectSection
EndProject
Project("{FAE04EC0-301F-11D3-BF4B-00C04F79EFBC}") = "BookRatingPlatform.BLL", "BookRatingPlatform.BLL\BookRatingPlatform.BLL.csproj", "{9D824018-E770-458F-A9E7-79DEA27BCB7F}"
EndProject
Global
	GlobalSection(SolutionConfigurationPlatforms) = preSolution
		Debug|Any CPU = Debug|Any CPU
		Release|Any CPU = Release|Any CPU
	EndGlobalSection
	GlobalSection(ProjectConfigurationPlatforms) = postSolution
		{169B823A-3F79-479A-ABF5-DCEB256738F3}.Debug|Any CPU.ActiveCfg = Debug|Any CPU
		{169B823A-3F79-479A-ABF5-DCEB256738F3}.Debug|Any CPU.Build.0 = Debug|Any CPU
		{169B823A-3F79-479A-ABF5-DCEB256738F3}.Release|Any CPU.ActiveCfg = Release|Any CPU
		{169B823A-3F79-479A-ABF5-DCEB256738F3}.Release|Any CPU.Build.0 = Release|Any CPU
		{6103180C-3086-4725-AB88-1296A6CCC2C1}.Debug|Any CPU.ActiveCfg = Debug|Any CPU
		{6103180C-3086-4725-AB88-1296A6CCC2C1}.Debug|Any CPU.Build.0 = Debug|Any CPU
		{6103180C-3086-4725-AB88-1296A6CCC2C1}.Release|Any CPU.ActiveCfg = Release|Any CPU
		{6103180C-3086-4725-AB88-1296A6CCC2C1}.Release|Any CPU.Build.0 = Release|Any CPU
		{9D824018-E770-458F-A9E7-79DEA27BCB7F}.Debug|Any CPU.ActiveCfg = Debug|Any CPU
		{9D824018-E770-458F-A9E7-79DEA27BCB7F}.Debug|Any CPU.Build.0 = Debug|Any CPU
		{9D824018-E770-458F-A9E7-79DEA27BCB7F}.Release|Any CPU.ActiveCfg = Release|Any CPU
		{9D824018-E770-458F-A9E7-79DEA27BCB7F}.Release|Any CPU.Build.0 = Release|Any CPU
	EndGlobalSection
	GlobalSection(SolutionProperties) = preSolution
		HideSolutionNode = FALSE
	EndGlobalSection
	GlobalSection(ExtensibilityGlobals) = postSolution
		SolutionGuid = {419072E8-61DB-4726-BD31-FF034303CE70}
	EndGlobalSection
EndGlobal
